
Microsoft Visual Studio Solution File, Format Version 12.00
# Visual Studio Version 16
VisualStudioVersion = 16.0.31727.386
MinimumVisualStudioVersion = 10.0.40219.1
Project("{FAE04EC0-301F-11D3-BF4B-00C04F79EFBC}") = "Nov1", "Nov1\Nov1.csproj", "{5C3774FB-660D-40C1-987A-12807AB0DC05}"
EndProject
Global
	GlobalSection(SolutionConfigurationPlatforms) = preSolution
		Debug|Any CPU = Debug|Any CPU
		Release|Any CPU = Release|Any CPU
	EndGlobalSection
	GlobalSection(ProjectConfigurationPlatforms) = postSolution
		{5C3774FB-660D-40C1-987A-12807AB0DC05}.Debug|Any CPU.ActiveCfg = Debug|Any CPU
		{5C3774FB-660D-40C1-987A-12807AB0DC05}.Debug|Any CPU.Build.0 = Debug|Any CPU
		{5C3774FB-660D-40C1-987A-12807AB0DC05}.Release|Any CPU.ActiveCfg = Release|Any CPU
		{5C3774FB-660D-40C1-987A-12807AB0DC05}.Release|Any CPU.Build.0 = Release|Any CPU
	EndGlobalSection
	GlobalSection(SolutionProperties) = preSolution
		HideSolutionNode = FALSE
	EndGlobalSection
	GlobalSection(ExtensibilityGlobals) = postSolution
		SolutionGuid = {9C702A11-54D3-4DAE-821A-C4EB3137EE13}
	EndGlobalSection
EndGlobal
